
Microsoft Visual Studio Solution File, Format Version 12.00
# Visual Studio 15
VisualStudioVersion = 15.0.26730.16
MinimumVisualStudioVersion = 10.0.40219.1
Project("{FAE04EC0-301F-11D3-BF4B-00C04F79EFBC}") = "ReimuBotFramework", "ReimuBotFramework\ReimuBotFramework.csproj", "{7C3B8628-97ED-449E-860D-639293E7558A}"
EndProject
Global
	GlobalSection(SolutionConfigurationPlatforms) = preSolution
		Debug|Any CPU = Debug|Any CPU
		Release|Any CPU = Release|Any CPU
	EndGlobalSection
	GlobalSection(ProjectConfigurationPlatforms) = postSolution
		{7C3B8628-97ED-449E-860D-639293E7558A}.Debug|Any CPU.ActiveCfg = Debug|Any CPU
		{7C3B8628-97ED-449E-860D-639293E7558A}.Debug|Any CPU.Build.0 = Debug|Any CPU
		{7C3B8628-97ED-449E-860D-639293E7558A}.Release|Any CPU.ActiveCfg = Release|Any CPU
		{7C3B8628-97ED-449E-860D-639293E7558A}.Release|Any CPU.Build.0 = Release|Any CPU
	EndGlobalSection
	GlobalSection(SolutionProperties) = preSolution
		HideSolutionNode = FALSE
	EndGlobalSection
	GlobalSection(ExtensibilityGlobals) = postSolution
		SolutionGuid = {D26816D4-B00D-4831-AC8D-6663BD00DEA7}
	EndGlobalSection
EndGlobal
